// !$*UTF8*$!
{
	archiveVersion = 1;
	classes = {
	};
	objectVersion = 46;
	objects = {

/* Begin PBXBuildFile section */
		98B2CA35E910462DBECD6CFC /* libPods.a in Frameworks */ = {isa = PBXBuildFile; fileRef = 8A371C3C330D45ACBCCF8C87 /* libPods.a */; };
		D94F5BBC177FA93900088775 /* CGCatPhotoCell.m in Sources */ = {isa = PBXBuildFile; fileRef = D94F5BBB177FA93900088775 /* CGCatPhotoCell.m */; };
		D94F5BBF177FAE6A00088775 /* iTunesArtwork.png in Resources */ = {isa = PBXBuildFile; fileRef = D94F5BBD177FAE6A00088775 /* iTunesArtwork.png */; };
		D94F5BC0177FAE6A00088775 /* iTunesArtwork@2x.png in Resources */ = {isa = PBXBuildFile; fileRef = D94F5BBE177FAE6A00088775 /* iTunesArtwork@2x.png */; };
		D94F5BC2177FAF3E00088775 /* MobileCoreServices.framework in Frameworks */ = {isa = PBXBuildFile; fileRef = D94F5BC1177FAF3E00088775 /* MobileCoreServices.framework */; };
		D94F5BC4177FAF4A00088775 /* SystemConfiguration.framework in Frameworks */ = {isa = PBXBuildFile; fileRef = D94F5BC3177FAF4A00088775 /* SystemConfiguration.framework */; };
		D97E9848177F8AD300C7D137 /* NSArray+IndexPaths.m in Sources */ = {isa = PBXBuildFile; fileRef = D97E9847177F8AD300C7D137 /* NSArray+IndexPaths.m */; };
		D998114417712AB7008BEB1E /* CGWebService.m in Sources */ = {isa = PBXBuildFile; fileRef = D998114317712AB7008BEB1E /* CGWebService.m */; };
		D9AC8ACB17876E4E00A2953F /* libsqlite3.dylib in Frameworks */ = {isa = PBXBuildFile; fileRef = D9AC8ACA17876E4E00A2953F /* libsqlite3.dylib */; };
		D9B64294176A2E17003D8169 /* Foundation.framework in Frameworks */ = {isa = PBXBuildFile; fileRef = D9B64293176A2E17003D8169 /* Foundation.framework */; };
		D9B64296176A2E17003D8169 /* CoreGraphics.framework in Frameworks */ = {isa = PBXBuildFile; fileRef = D9B64295176A2E17003D8169 /* CoreGraphics.framework */; };
		D9B64298176A2E17003D8169 /* UIKit.framework in Frameworks */ = {isa = PBXBuildFile; fileRef = D9B64297176A2E17003D8169 /* UIKit.framework */; };
		D9B6429E176A2E17003D8169 /* InfoPlist.strings in Resources */ = {isa = PBXBuildFile; fileRef = D9B6429C176A2E17003D8169 /* InfoPlist.strings */; };
		D9B642A0176A2E17003D8169 /* main.m in Sources */ = {isa = PBXBuildFile; fileRef = D9B6429F176A2E17003D8169 /* main.m */; };
		D9B642A4176A2E17003D8169 /* CGAppDelegate.m in Sources */ = {isa = PBXBuildFile; fileRef = D9B642A3176A2E17003D8169 /* CGAppDelegate.m */; };
		D9B642A7176A2E17003D8169 /* Main.storyboard in Resources */ = {isa = PBXBuildFile; fileRef = D9B642A5176A2E17003D8169 /* Main.storyboard */; };
		D9B642AA176A2E17003D8169 /* CGMasterViewController.m in Sources */ = {isa = PBXBuildFile; fileRef = D9B642A9176A2E17003D8169 /* CGMasterViewController.m */; };
		D9B642AF176A2E17003D8169 /* Images.xcassets in Resources */ = {isa = PBXBuildFile; fileRef = D9B642AE176A2E17003D8169 /* Images.xcassets */; };
		D9B642B6176A2E17003D8169 /* XCTest.framework in Frameworks */ = {isa = PBXBuildFile; fileRef = D9B642B5176A2E17003D8169 /* XCTest.framework */; };
		D9B642B7176A2E17003D8169 /* Foundation.framework in Frameworks */ = {isa = PBXBuildFile; fileRef = D9B64293176A2E17003D8169 /* Foundation.framework */; };
		D9B642B8176A2E17003D8169 /* UIKit.framework in Frameworks */ = {isa = PBXBuildFile; fileRef = D9B64297176A2E17003D8169 /* UIKit.framework */; };
		D9B642C0176A2E17003D8169 /* InfoPlist.strings in Resources */ = {isa = PBXBuildFile; fileRef = D9B642BE176A2E17003D8169 /* InfoPlist.strings */; };
		D9B642C2176A2E17003D8169 /* CatstagrameTests.m in Sources */ = {isa = PBXBuildFile; fileRef = D9B642C1176A2E17003D8169 /* CatstagrameTests.m */; };
/* End PBXBuildFile section */

/* Begin PBXContainerItemProxy section */
		D9B642B9176A2E17003D8169 /* PBXContainerItemProxy */ = {
			isa = PBXContainerItemProxy;
			containerPortal = D9B64288176A2E17003D8169 /* Project object */;
			proxyType = 1;
			remoteGlobalIDString = D9B6428F176A2E17003D8169;
			remoteInfo = Catstagrame;
		};
/* End PBXContainerItemProxy section */

/* Begin PBXFileReference section */
		85D282C3B7B94745BAD892B1 /* Pods.xcconfig */ = {isa = PBXFileReference; includeInIndex = 1; lastKnownFileType = text.xcconfig; name = Pods.xcconfig; path = Pods/Pods.xcconfig; sourceTree = SOURCE_ROOT; };
		8A371C3C330D45ACBCCF8C87 /* libPods.a */ = {isa = PBXFileReference; explicitFileType = archive.ar; includeInIndex = 0; path = libPods.a; sourceTree = BUILT_PRODUCTS_DIR; };
		D94F5BBA177FA93900088775 /* CGCatPhotoCell.h */ = {isa = PBXFileReference; fileEncoding = 4; lastKnownFileType = sourcecode.c.h; path = CGCatPhotoCell.h; sourceTree = "<group>"; };
		D94F5BBB177FA93900088775 /* CGCatPhotoCell.m */ = {isa = PBXFileReference; fileEncoding = 4; lastKnownFileType = sourcecode.c.objc; path = CGCatPhotoCell.m; sourceTree = "<group>"; };
		D94F5BBD177FAE6A00088775 /* iTunesArtwork.png */ = {isa = PBXFileReference; lastKnownFileType = image.png; path = iTunesArtwork.png; sourceTree = "<group>"; };
		D94F5BBE177FAE6A00088775 /* iTunesArtwork@2x.png */ = {isa = PBXFileReference; lastKnownFileType = image.png; path = "iTunesArtwork@2x.png"; sourceTree = "<group>"; };
		D94F5BC1177FAF3E00088775 /* MobileCoreServices.framework */ = {isa = PBXFileReference; lastKnownFileType = wrapper.framework; name = MobileCoreServices.framework; path = System/Library/Frameworks/MobileCoreServices.framework; sourceTree = SDKROOT; };
		D94F5BC3177FAF4A00088775 /* SystemConfiguration.framework */ = {isa = PBXFileReference; lastKnownFileType = wrapper.framework; name = SystemConfiguration.framework; path = System/Library/Frameworks/SystemConfiguration.framework; sourceTree = SDKROOT; };
		D97E9846177F8AD300C7D137 /* NSArray+IndexPaths.h */ = {isa = PBXFileReference; fileEncoding = 4; lastKnownFileType = sourcecode.c.h; path = "NSArray+IndexPaths.h"; sourceTree = "<group>"; };
		D97E9847177F8AD300C7D137 /* NSArray+IndexPaths.m */ = {isa = PBXFileReference; fileEncoding = 4; lastKnownFileType = sourcecode.c.objc; path = "NSArray+IndexPaths.m"; sourceTree = "<group>"; };
		D998114217712AB7008BEB1E /* CGWebService.h */ = {isa = PBXFileReference; fileEncoding = 4; lastKnownFileType = sourcecode.c.h; path = CGWebService.h; sourceTree = "<group>"; };
		D998114317712AB7008BEB1E /* CGWebService.m */ = {isa = PBXFileReference; fileEncoding = 4; lastKnownFileType = sourcecode.c.objc; path = CGWebService.m; sourceTree = "<group>"; };
		D9AC8ACA17876E4E00A2953F /* libsqlite3.dylib */ = {isa = PBXFileReference; lastKnownFileType = "compiled.mach-o.dylib"; name = libsqlite3.dylib; path = usr/lib/libsqlite3.dylib; sourceTree = SDKROOT; };
		D9B64290176A2E17003D8169 /* Catstagrame.app */ = {isa = PBXFileReference; explicitFileType = wrapper.application; includeInIndex = 0; path = Catstagrame.app; sourceTree = BUILT_PRODUCTS_DIR; };
		D9B64293176A2E17003D8169 /* Foundation.framework */ = {isa = PBXFileReference; lastKnownFileType = wrapper.framework; name = Foundation.framework; path = System/Library/Frameworks/Foundation.framework; sourceTree = SDKROOT; };
		D9B64295176A2E17003D8169 /* CoreGraphics.framework */ = {isa = PBXFileReference; lastKnownFileType = wrapper.framework; name = CoreGraphics.framework; path = System/Library/Frameworks/CoreGraphics.framework; sourceTree = SDKROOT; };
		D9B64297176A2E17003D8169 /* UIKit.framework */ = {isa = PBXFileReference; lastKnownFileType = wrapper.framework; name = UIKit.framework; path = System/Library/Frameworks/UIKit.framework; sourceTree = SDKROOT; };
		D9B6429B176A2E17003D8169 /* Catstagrame-Info.plist */ = {isa = PBXFileReference; lastKnownFileType = text.plist.xml; path = "Catstagrame-Info.plist"; sourceTree = "<group>"; };
		D9B6429D176A2E17003D8169 /* en */ = {isa = PBXFileReference; lastKnownFileType = text.plist.strings; name = en; path = en.lproj/InfoPlist.strings; sourceTree = "<group>"; };
		D9B6429F176A2E17003D8169 /* main.m */ = {isa = PBXFileReference; lastKnownFileType = sourcecode.c.objc; path = main.m; sourceTree = "<group>"; };
		D9B642A1176A2E17003D8169 /* Catstagrame-Prefix.pch */ = {isa = PBXFileReference; lastKnownFileType = sourcecode.c.h; path = "Catstagrame-Prefix.pch"; sourceTree = "<group>"; };
		D9B642A2176A2E17003D8169 /* CGAppDelegate.h */ = {isa = PBXFileReference; lastKnownFileType = sourcecode.c.h; path = CGAppDelegate.h; sourceTree = "<group>"; };
		D9B642A3176A2E17003D8169 /* CGAppDelegate.m */ = {isa = PBXFileReference; lastKnownFileType = sourcecode.c.objc; path = CGAppDelegate.m; sourceTree = "<group>"; };
		D9B642A6176A2E17003D8169 /* Base */ = {isa = PBXFileReference; lastKnownFileType = file.storyboard; name = Base; path = Base.lproj/Main.storyboard; sourceTree = "<group>"; };
		D9B642A8176A2E17003D8169 /* CGMasterViewController.h */ = {isa = PBXFileReference; lastKnownFileType = sourcecode.c.h; path = CGMasterViewController.h; sourceTree = "<group>"; };
		D9B642A9176A2E17003D8169 /* CGMasterViewController.m */ = {isa = PBXFileReference; lastKnownFileType = sourcecode.c.objc; path = CGMasterViewController.m; sourceTree = "<group>"; };
		D9B642AE176A2E17003D8169 /* Images.xcassets */ = {isa = PBXFileReference; lastKnownFileType = folder.assetcatalog; path = Images.xcassets; sourceTree = "<group>"; };
		D9B642B4176A2E17003D8169 /* CatstagrameTests.xctest */ = {isa = PBXFileReference; explicitFileType = wrapper.cfbundle; includeInIndex = 0; path = CatstagrameTests.xctest; sourceTree = BUILT_PRODUCTS_DIR; };
		D9B642B5176A2E17003D8169 /* XCTest.framework */ = {isa = PBXFileReference; lastKnownFileType = wrapper.framework; name = XCTest.framework; path = Library/Frameworks/XCTest.framework; sourceTree = DEVELOPER_DIR; };
		D9B642BD176A2E17003D8169 /* CatstagrameTests-Info.plist */ = {isa = PBXFileReference; lastKnownFileType = text.plist.xml; path = "CatstagrameTests-Info.plist"; sourceTree = "<group>"; };
		D9B642BF176A2E17003D8169 /* en */ = {isa = PBXFileReference; lastKnownFileType = text.plist.strings; name = en; path = en.lproj/InfoPlist.strings; sourceTree = "<group>"; };
		D9B642C1176A2E17003D8169 /* CatstagrameTests.m */ = {isa = PBXFileReference; lastKnownFileType = sourcecode.c.objc; path = CatstagrameTests.m; sourceTree = "<group>"; };
/* End PBXFileReference section */

/* Begin PBXFrameworksBuildPhase section */
		D9B6428D176A2E17003D8169 /* Frameworks */ = {
			isa = PBXFrameworksBuildPhase;
			buildActionMask = 2147483647;
			files = (
				D9AC8ACB17876E4E00A2953F /* libsqlite3.dylib in Frameworks */,
				D94F5BC4177FAF4A00088775 /* SystemConfiguration.framework in Frameworks */,
				D94F5BC2177FAF3E00088775 /* MobileCoreServices.framework in Frameworks */,
				D9B64296176A2E17003D8169 /* CoreGraphics.framework in Frameworks */,
				D9B64298176A2E17003D8169 /* UIKit.framework in Frameworks */,
				D9B64294176A2E17003D8169 /* Foundation.framework in Frameworks */,
				98B2CA35E910462DBECD6CFC /* libPods.a in Frameworks */,
			);
			runOnlyForDeploymentPostprocessing = 0;
		};
		D9B642B1176A2E17003D8169 /* Frameworks */ = {
			isa = PBXFrameworksBuildPhase;
			buildActionMask = 2147483647;
			files = (
				D9B642B6176A2E17003D8169 /* XCTest.framework in Frameworks */,
				D9B642B8176A2E17003D8169 /* UIKit.framework in Frameworks */,
				D9B642B7176A2E17003D8169 /* Foundation.framework in Frameworks */,
			);
			runOnlyForDeploymentPostprocessing = 0;
		};
/* End PBXFrameworksBuildPhase section */

/* Begin PBXGroup section */
		D9B64287176A2E17003D8169 = {
			isa = PBXGroup;
			children = (
				D9B64299176A2E17003D8169 /* Catstagrame */,
				D9B642BB176A2E17003D8169 /* CatstagrameTests */,
				D9B64292176A2E17003D8169 /* Frameworks */,
				D9B64291176A2E17003D8169 /* Products */,
				85D282C3B7B94745BAD892B1 /* Pods.xcconfig */,
			);
			sourceTree = "<group>";
		};
		D9B64291176A2E17003D8169 /* Products */ = {
			isa = PBXGroup;
			children = (
				D9B64290176A2E17003D8169 /* Catstagrame.app */,
				D9B642B4176A2E17003D8169 /* CatstagrameTests.xctest */,
			);
			name = Products;
			sourceTree = "<group>";
		};
		D9B64292176A2E17003D8169 /* Frameworks */ = {
			isa = PBXGroup;
			children = (
				D9AC8ACA17876E4E00A2953F /* libsqlite3.dylib */,
				D94F5BC3177FAF4A00088775 /* SystemConfiguration.framework */,
				D94F5BC1177FAF3E00088775 /* MobileCoreServices.framework */,
				D9B64293176A2E17003D8169 /* Foundation.framework */,
				D9B64295176A2E17003D8169 /* CoreGraphics.framework */,
				D9B64297176A2E17003D8169 /* UIKit.framework */,
				D9B642B5176A2E17003D8169 /* XCTest.framework */,
				8A371C3C330D45ACBCCF8C87 /* libPods.a */,
			);
			name = Frameworks;
			sourceTree = "<group>";
		};
		D9B64299176A2E17003D8169 /* Catstagrame */ = {
			isa = PBXGroup;
			children = (
				D9B642A2176A2E17003D8169 /* CGAppDelegate.h */,
				D9B642A3176A2E17003D8169 /* CGAppDelegate.m */,
				D9B642A5176A2E17003D8169 /* Main.storyboard */,
				D9B642A8176A2E17003D8169 /* CGMasterViewController.h */,
				D9B642A9176A2E17003D8169 /* CGMasterViewController.m */,
				D94F5BBA177FA93900088775 /* CGCatPhotoCell.h */,
				D94F5BBB177FA93900088775 /* CGCatPhotoCell.m */,
				D9B642AE176A2E17003D8169 /* Images.xcassets */,
				D9B6429A176A2E17003D8169 /* Supporting Files */,
				D998114217712AB7008BEB1E /* CGWebService.h */,
				D998114317712AB7008BEB1E /* CGWebService.m */,
				D97E9846177F8AD300C7D137 /* NSArray+IndexPaths.h */,
				D97E9847177F8AD300C7D137 /* NSArray+IndexPaths.m */,
			);
			path = Catstagrame;
			sourceTree = "<group>";
		};
		D9B6429A176A2E17003D8169 /* Supporting Files */ = {
			isa = PBXGroup;
			children = (
				D9B6429B176A2E17003D8169 /* Catstagrame-Info.plist */,
				D9B6429C176A2E17003D8169 /* InfoPlist.strings */,
				D9B6429F176A2E17003D8169 /* main.m */,
				D9B642A1176A2E17003D8169 /* Catstagrame-Prefix.pch */,
				D94F5BBD177FAE6A00088775 /* iTunesArtwork.png */,
				D94F5BBE177FAE6A00088775 /* iTunesArtwork@2x.png */,
			);
			name = "Supporting Files";
			sourceTree = "<group>";
		};
		D9B642BB176A2E17003D8169 /* CatstagrameTests */ = {
			isa = PBXGroup;
			children = (
				D9B642C1176A2E17003D8169 /* CatstagrameTests.m */,
				D9B642BC176A2E17003D8169 /* Supporting Files */,
			);
			path = CatstagrameTests;
			sourceTree = "<group>";
		};
		D9B642BC176A2E17003D8169 /* Supporting Files */ = {
			isa = PBXGroup;
			children = (
				D9B642BD176A2E17003D8169 /* CatstagrameTests-Info.plist */,
				D9B642BE176A2E17003D8169 /* InfoPlist.strings */,
			);
			name = "Supporting Files";
			sourceTree = "<group>";
		};
/* End PBXGroup section */

/* Begin PBXNativeTarget section */
		D9B6428F176A2E17003D8169 /* Catstagrame */ = {
			isa = PBXNativeTarget;
			buildConfigurationList = D9B642C5176A2E17003D8169 /* Build configuration list for PBXNativeTarget "Catstagrame" */;
			buildPhases = (
				5886B8DBD5B540EDADB3C9A3 /* Check Pods Manifest.lock */,
				D9B6428C176A2E17003D8169 /* Sources */,
				D9B6428D176A2E17003D8169 /* Frameworks */,
				D9B6428E176A2E17003D8169 /* Resources */,
				291A5E171FA24E5AA4E0C13F /* Copy Pods Resources */,
				D9847C20177F8CA400C3F95B /* Copy Key */,
			);
			buildRules = (
			);
			dependencies = (
			);
			name = Catstagrame;
			productName = Catstagrame;
			productReference = D9B64290176A2E17003D8169 /* Catstagrame.app */;
			productType = "com.apple.product-type.application";
		};
		D9B642B3176A2E17003D8169 /* CatstagrameTests */ = {
			isa = PBXNativeTarget;
			buildConfigurationList = D9B642C8176A2E17003D8169 /* Build configuration list for PBXNativeTarget "CatstagrameTests" */;
			buildPhases = (
				D9B642B0176A2E17003D8169 /* Sources */,
				D9B642B1176A2E17003D8169 /* Frameworks */,
				D9B642B2176A2E17003D8169 /* Resources */,
			);
			buildRules = (
			);
			dependencies = (
				D9B642BA176A2E17003D8169 /* PBXTargetDependency */,
			);
			name = CatstagrameTests;
			productName = CatstagrameTests;
			productReference = D9B642B4176A2E17003D8169 /* CatstagrameTests.xctest */;
			productType = "com.apple.product-type.bundle.unit-test";
		};
/* End PBXNativeTarget section */

/* Begin PBXProject section */
		D9B64288176A2E17003D8169 /* Project object */ = {
			isa = PBXProject;
			attributes = {
				CLASSPREFIX = CG;
				LastUpgradeCheck = 0500;
				ORGANIZATIONNAME = "Michele Titolo";
				TargetAttributes = {
					D9B642B3176A2E17003D8169 = {
						TestTargetID = D9B6428F176A2E17003D8169;
					};
				};
			};
			buildConfigurationList = D9B6428B176A2E17003D8169 /* Build configuration list for PBXProject "Catstagrame" */;
			compatibilityVersion = "Xcode 3.2";
			developmentRegion = English;
			hasScannedForEncodings = 0;
			knownRegions = (
				en,
				Base,
			);
			mainGroup = D9B64287176A2E17003D8169;
			productRefGroup = D9B64291176A2E17003D8169 /* Products */;
			projectDirPath = "";
			projectRoot = "";
			targets = (
				D9B6428F176A2E17003D8169 /* Catstagrame */,
				D9B642B3176A2E17003D8169 /* CatstagrameTests */,
			);
		};
/* End PBXProject section */

/* Begin PBXResourcesBuildPhase section */
		D9B6428E176A2E17003D8169 /* Resources */ = {
			isa = PBXResourcesBuildPhase;
			buildActionMask = 2147483647;
			files = (
				D9B642AF176A2E17003D8169 /* Images.xcassets in Resources */,
				D94F5BC0177FAE6A00088775 /* iTunesArtwork@2x.png in Resources */,
				D9B6429E176A2E17003D8169 /* InfoPlist.strings in Resources */,
				D94F5BBF177FAE6A00088775 /* iTunesArtwork.png in Resources */,
				D9B642A7176A2E17003D8169 /* Main.storyboard in Resources */,
			);
			runOnlyForDeploymentPostprocessing = 0;
		};
		D9B642B2176A2E17003D8169 /* Resources */ = {
			isa = PBXResourcesBuildPhase;
			buildActionMask = 2147483647;
			files = (
				D9B642C0176A2E17003D8169 /* InfoPlist.strings in Resources */,
			);
			runOnlyForDeploymentPostprocessing = 0;
		};
/* End PBXResourcesBuildPhase section */

/* Begin PBXShellScriptBuildPhase section */
		291A5E171FA24E5AA4E0C13F /* Copy Pods Resources */ = {
			isa = PBXShellScriptBuildPhase;
			buildActionMask = 2147483647;
			files = (
			);
			inputPaths = (
			);
			name = "Copy Pods Resources";
			outputPaths = (
			);
			runOnlyForDeploymentPostprocessing = 0;
			shellPath = /bin/sh;
			shellScript = "\"${SRCROOT}/Pods/Pods-resources.sh\"\n";
		};
		5886B8DBD5B540EDADB3C9A3 /* Check Pods Manifest.lock */ = {
			isa = PBXShellScriptBuildPhase;
			buildActionMask = 2147483647;
			files = (
			);
			inputPaths = (
			);
			name = "Check Pods Manifest.lock";
			outputPaths = (
			);
			runOnlyForDeploymentPostprocessing = 0;
			shellPath = /bin/sh;
			shellScript = "diff \"${PODS_ROOT}/../Podfile.lock\" \"${PODS_ROOT}/Manifest.lock\" > /dev/null\nif [[ $? != 0 ]] ; then\n    cat << EOM\nerror: The sandbox is not in sync with the Podfile.lock. Run 'pod install' or update your CocoaPods installation.\nEOM\n    exit 1\nfi\n";
		};
		D9847C20177F8CA400C3F95B /* Copy Key */ = {
			isa = PBXShellScriptBuildPhase;
			buildActionMask = 2147483647;
			files = (
			);
			inputPaths = (
			);
			name = "Copy Key";
			outputPaths = (
			);
			runOnlyForDeploymentPostprocessing = 0;
			shellPath = /bin/sh;
			shellScript = "cp \"${SRCROOT}/Catstagrame/key.txt\" ${BUILT_PRODUCTS_DIR}/${PRODUCT_NAME}.app";
		};
/* End PBXShellScriptBuildPhase section */

/* Begin PBXSourcesBuildPhase section */
		D9B6428C176A2E17003D8169 /* Sources */ = {
			isa = PBXSourcesBuildPhase;
			buildActionMask = 2147483647;
			files = (
				D9B642A4176A2E17003D8169 /* CGAppDelegate.m in Sources */,
				D998114417712AB7008BEB1E /* CGWebService.m in Sources */,
				D97E9848177F8AD300C7D137 /* NSArray+IndexPaths.m in Sources */,
				D9B642A0176A2E17003D8169 /* main.m in Sources */,
				D9B642AA176A2E17003D8169 /* CGMasterViewController.m in Sources */,
				D94F5BBC177FA93900088775 /* CGCatPhotoCell.m in Sources */,
			);
			runOnlyForDeploymentPostprocessing = 0;
		};
		D9B642B0176A2E17003D8169 /* Sources */ = {
			isa = PBXSourcesBuildPhase;
			buildActionMask = 2147483647;
			files = (
				D9B642C2176A2E17003D8169 /* CatstagrameTests.m in Sources */,
			);
			runOnlyForDeploymentPostprocessing = 0;
		};
/* End PBXSourcesBuildPhase section */

/* Begin PBXTargetDependency section */
		D9B642BA176A2E17003D8169 /* PBXTargetDependency */ = {
			isa = PBXTargetDependency;
			target = D9B6428F176A2E17003D8169 /* Catstagrame */;
			targetProxy = D9B642B9176A2E17003D8169 /* PBXContainerItemProxy */;
		};
/* End PBXTargetDependency section */

/* Begin PBXVariantGroup section */
		D9B6429C176A2E17003D8169 /* InfoPlist.strings */ = {
			isa = PBXVariantGroup;
			children = (
				D9B6429D176A2E17003D8169 /* en */,
			);
			name = InfoPlist.strings;
			sourceTree = "<group>";
		};
		D9B642A5176A2E17003D8169 /* Main.storyboard */ = {
			isa = PBXVariantGroup;
			children = (
				D9B642A6176A2E17003D8169 /* Base */,
			);
			name = Main.storyboard;
			sourceTree = "<group>";
		};
		D9B642BE176A2E17003D8169 /* InfoPlist.strings */ = {
			isa = PBXVariantGroup;
			children = (
				D9B642BF176A2E17003D8169 /* en */,
			);
			name = InfoPlist.strings;
			sourceTree = "<group>";
		};
/* End PBXVariantGroup section */

/* Begin XCBuildConfiguration section */
		D9B642C3176A2E17003D8169 /* Debug */ = {
			isa = XCBuildConfiguration;
			buildSettings = {
				ALWAYS_SEARCH_USER_PATHS = NO;
				CLANG_CXX_LANGUAGE_STANDARD = "gnu++0x";
				CLANG_CXX_LIBRARY = "libc++";
				CLANG_ENABLE_MODULES = YES;
				CLANG_ENABLE_OBJC_ARC = YES;
				CLANG_WARN_BOOL_CONVERSION = YES;
				CLANG_WARN_CONSTANT_CONVERSION = YES;
				CLANG_WARN_DIRECT_OBJC_ISA_USAGE = YES_ERROR;
				CLANG_WARN_EMPTY_BODY = YES;
				CLANG_WARN_ENUM_CONVERSION = YES;
				CLANG_WARN_INT_CONVERSION = YES;
				CLANG_WARN_OBJC_ROOT_CLASS = YES_ERROR;
				CLANG_WARN__DUPLICATE_METHOD_MATCH = YES;
				"CODE_SIGN_IDENTITY[sdk=iphoneos*]" = "iPhone Developer";
				COPY_PHASE_STRIP = NO;
				GCC_C_LANGUAGE_STANDARD = gnu99;
				GCC_DYNAMIC_NO_PIC = NO;
				GCC_OPTIMIZATION_LEVEL = 0;
				GCC_PREPROCESSOR_DEFINITIONS = (
					"DEBUG=1",
					"$(inherited)",
				);
				GCC_SYMBOLS_PRIVATE_EXTERN = NO;
				GCC_WARN_ABOUT_RETURN_TYPE = YES_ERROR;
				GCC_WARN_UNDECLARED_SELECTOR = YES;
				GCC_WARN_UNINITIALIZED_AUTOS = YES;
				GCC_WARN_UNUSED_FUNCTION = YES;
				GCC_WARN_UNUSED_VARIABLE = YES;
				IPHONEOS_DEPLOYMENT_TARGET = 7.0;
				ONLY_ACTIVE_ARCH = YES;
				SDKROOT = iphoneos;
			};
			name = Debug;
		};
		D9B642C4176A2E17003D8169 /* Release */ = {
			isa = XCBuildConfiguration;
			buildSettings = {
				ALWAYS_SEARCH_USER_PATHS = NO;
				CLANG_CXX_LANGUAGE_STANDARD = "gnu++0x";
				CLANG_CXX_LIBRARY = "libc++";
				CLANG_ENABLE_MODULES = YES;
				CLANG_ENABLE_OBJC_ARC = YES;
				CLANG_WARN_BOOL_CONVERSION = YES;
				CLANG_WARN_CONSTANT_CONVERSION = YES;
				CLANG_WARN_DIRECT_OBJC_ISA_USAGE = YES_ERROR;
				CLANG_WARN_EMPTY_BODY = YES;
				CLANG_WARN_ENUM_CONVERSION = YES;
				CLANG_WARN_INT_CONVERSION = YES;
				CLANG_WARN_OBJC_ROOT_CLASS = YES_ERROR;
				CLANG_WARN__DUPLICATE_METHOD_MATCH = YES;
				"CODE_SIGN_IDENTITY[sdk=iphoneos*]" = "iPhone Developer";
				COPY_PHASE_STRIP = YES;
				ENABLE_NS_ASSERTIONS = NO;
				GCC_C_LANGUAGE_STANDARD = gnu99;
				GCC_WARN_ABOUT_RETURN_TYPE = YES_ERROR;
				GCC_WARN_UNDECLARED_SELECTOR = YES;
				GCC_WARN_UNINITIALIZED_AUTOS = YES;
				GCC_WARN_UNUSED_FUNCTION = YES;
				GCC_WARN_UNUSED_VARIABLE = YES;
				IPHONEOS_DEPLOYMENT_TARGET = 7.0;
				SDKROOT = iphoneos;
				VALIDATE_PRODUCT = YES;
			};
			name = Release;
		};
		D9B642C6176A2E17003D8169 /* Debug */ = {
			isa = XCBuildConfiguration;
			baseConfigurationReference = 85D282C3B7B94745BAD892B1 /* Pods.xcconfig */;
			buildSettings = {
				ASSETCATALOG_COMPILER_APPICON_NAME = AppIcon;
				ASSETCATALOG_COMPILER_LAUNCHIMAGE_NAME = LaunchImage;
				GCC_PRECOMPILE_PREFIX_HEADER = YES;
				GCC_PREFIX_HEADER = "Catstagrame/Catstagrame-Prefix.pch";
				INFOPLIST_FILE = "Catstagrame/Catstagrame-Info.plist";
				PRODUCT_NAME = "$(TARGET_NAME)";
				WRAPPER_EXTENSION = app;
			};
			name = Debug;
		};
		D9B642C7176A2E17003D8169 /* Release */ = {
			isa = XCBuildConfiguration;
			baseConfigurationReference = 85D282C3B7B94745BAD892B1 /* Pods.xcconfig */;
			buildSettings = {
				ASSETCATALOG_COMPILER_APPICON_NAME = AppIcon;
				ASSETCATALOG_COMPILER_LAUNCHIMAGE_NAME = LaunchImage;
				GCC_PRECOMPILE_PREFIX_HEADER = YES;
				GCC_PREFIX_HEADER = "Catstagrame/Catstagrame-Prefix.pch";
				INFOPLIST_FILE = "Catstagrame/Catstagrame-Info.plist";
				PRODUCT_NAME = "$(TARGET_NAME)";
				WRAPPER_EXTENSION = app;
			};
			name = Release;
		};
		D9B642C9176A2E17003D8169 /* Debug */ = {
			isa = XCBuildConfiguration;
			buildSettings = {
				BUNDLE_LOADER = "$(BUILT_PRODUCTS_DIR)/Catstagrame.app/Catstagrame";
				FRAMEWORK_SEARCH_PATHS = (
					"$(SDKROOT)/Developer/Library/Frameworks",
					"$(inherited)",
					"$(SYSTEM_APPS_DIR)/Xcode5-DP.app/Contents/Developer/Library/Frameworks",
				);
				GCC_PRECOMPILE_PREFIX_HEADER = YES;
				GCC_PREFIX_HEADER = "Catstagrame/Catstagrame-Prefix.pch";
				GCC_PREPROCESSOR_DEFINITIONS = (
					"DEBUG=1",
					"$(inherited)",
				);
				INFOPLIST_FILE = "CatstagrameTests/CatstagrameTests-Info.plist";
				PRODUCT_NAME = "$(TARGET_NAME)";
				TEST_HOST = "$(BUNDLE_LOADER)";
				WRAPPER_EXTENSION = xctest;
			};
			name = Debug;
		};
		D9B642CA176A2E17003D8169 /* Release */ = {
			isa = XCBuildConfiguration;
			buildSettings = {
				BUNDLE_LOADER = "$(BUILT_PRODUCTS_DIR)/Catstagrame.app/Catstagrame";
				FRAMEWORK_SEARCH_PATHS = (
					"$(SDKROOT)/Developer/Library/Frameworks",
					"$(inherited)",
					"$(SYSTEM_APPS_DIR)/Xcode5-DP.app/Contents/Developer/Library/Frameworks",
				);
				GCC_PRECOMPILE_PREFIX_HEADER = YES;
				GCC_PREFIX_HEADER = "Catstagrame/Catstagrame-Prefix.pch";
				INFOPLIST_FILE = "CatstagrameTests/CatstagrameTests-Info.plist";
				PRODUCT_NAME = "$(TARGET_NAME)";
				TEST_HOST = "$(BUNDLE_LOADER)";
				WRAPPER_EXTENSION = xctest;
			};
			name = Release;
		};
/* End XCBuildConfiguration section */

/* Begin XCConfigurationList section */
		D9B6428B176A2E17003D8169 /* Build configuration list for PBXProject "Catstagrame" */ = {
			isa = XCConfigurationList;
			buildConfigurations = (
				D9B642C3176A2E17003D8169 /* Debug */,
				D9B642C4176A2E17003D8169 /* Release */,
			);
			defaultConfigurationIsVisible = 0;
			defaultConfigurationName = Release;
		};
		D9B642C5176A2E17003D8169 /* Build configuration list for PBXNativeTarget "Catstagrame" */ = {
			isa = XCConfigurationList;
			buildConfigurations = (
				D9B642C6176A2E17003D8169 /* Debug */,
				D9B642C7176A2E17003D8169 /* Release */,
			);
			defaultConfigurationIsVisible = 0;
			defaultConfigurationName = Release;
		};
		D9B642C8176A2E17003D8169 /* Build configuration list for PBXNativeTarget "CatstagrameTests" */ = {
			isa = XCConfigurationList;
			buildConfigurations = (
				D9B642C9176A2E17003D8169 /* Debug */,
				D9B642CA176A2E17003D8169 /* Release */,
			);
			defaultConfigurationIsVisible = 0;
			defaultConfigurationName = Release;
		};
/* End XCConfigurationList section */
	};
	rootObject = D9B64288176A2E17003D8169 /* Project object */;
}
