PODS:
  - AFNetworking (2.0.0-RC1):
    - AFNetworking/Core
    - AFNetworking/UIKit+AFNetworking
  - AFNetworking/Core (2.0.0-RC1)
  - AFNetworking/UIKit+AFNetworking (2.0.0-RC1)
  - HockeySDK (3.0.0)
  - libwebp (0.3.0-rc7):
    - libwebp/dec
    - libwebp/dsp
    - libwebp/utils
    - libwebp/webp
  - libwebp/dec (0.3.0-rc7)
  - libwebp/dsp (0.3.0-rc7)
  - libwebp/utils (0.3.0-rc7)
  - libwebp/webp (0.3.0-rc7)
  - SDWebImage (3.3):
    - libwebp
    - SDWebImage/MapKit
  - SDWebImage/MapKit (3.3):
    - libwebp

DEPENDENCIES:
  - AFNetworking (from `git@github.com:AFNetworking/AFNetworking.git`, commit `6b87fcc65050960e34896beaedaaef6a8aaf266b`)
  - HockeySDK
  - SDWebImage

EXTERNAL SOURCES:
  AFNetworking:
    :commit: 6b87fcc65050960e34896beaedaaef6a8aaf266b
    :git: git@github.com:AFNetworking/AFNetworking.git

SPEC CHECKSUMS:
  AFNetworking: 29456fb87c4a62a5ae1d27baf6771a2cf327089f
  HockeySDK: 286d86c6e89a35de7f3e4f3c2879a07185ee0918
  libwebp: 40517fa1fd3716eded73b4696c45fc0b66e4b414
  SDWebImage: 79a8bac9ccf85b269100b294f7b43684dab8bf8a

COCOAPODS: 0.23.0
